
Microsoft Visual Studio Solution File, Format Version 12.00
# Visual Studio Version 16
VisualStudioVersion = 16.0.30428.66
MinimumVisualStudioVersion = 10.0.40219.1
Project("{9A19103F-16F7-4668-BE54-9A1E7A4F7556}") = "APIFinancas.Especificacoes", "APIFinancas.Especificacoes.csproj", "{EF016D34-0649-4A15-82D5-7156720BCC3D}"
EndProject
Project("{9A19103F-16F7-4668-BE54-9A1E7A4F7556}") = "APIFinancas", "..\APIFinancas\APIFinancas.csproj", "{13A45A7B-0B59-4A71-B7AA-068B3601FE15}"
EndProject
Global
	GlobalSection(SolutionConfigurationPlatforms) = preSolution
		Debug|Any CPU = Debug|Any CPU
		Release|Any CPU = Release|Any CPU
	EndGlobalSection
	GlobalSection(ProjectConfigurationPlatforms) = postSolution
		{EF016D34-0649-4A15-82D5-7156720BCC3D}.Debug|Any CPU.ActiveCfg = Debug|Any CPU
		{EF016D34-0649-4A15-82D5-7156720BCC3D}.Debug|Any CPU.Build.0 = Debug|Any CPU
		{EF016D34-0649-4A15-82D5-7156720BCC3D}.Release|Any CPU.ActiveCfg = Release|Any CPU
		{EF016D34-0649-4A15-82D5-7156720BCC3D}.Release|Any CPU.Build.0 = Release|Any CPU
		{13A45A7B-0B59-4A71-B7AA-068B3601FE15}.Debug|Any CPU.ActiveCfg = Debug|Any CPU
		{13A45A7B-0B59-4A71-B7AA-068B3601FE15}.Debug|Any CPU.Build.0 = Debug|Any CPU
		{13A45A7B-0B59-4A71-B7AA-068B3601FE15}.Release|Any CPU.ActiveCfg = Release|Any CPU
		{13A45A7B-0B59-4A71-B7AA-068B3601FE15}.Release|Any CPU.Build.0 = Release|Any CPU
	EndGlobalSection
	GlobalSection(SolutionProperties) = preSolution
		HideSolutionNode = FALSE
	EndGlobalSection
	GlobalSection(ExtensibilityGlobals) = postSolution
		SolutionGuid = {BF3DD135-B09C-4C8D-94E7-4F3417953856}
	EndGlobalSection
EndGlobal
